
Microsoft Visual Studio Solution File, Format Version 12.00
# Visual Studio Version 17
VisualStudioVersion = 17.12.35527.113
MinimumVisualStudioVersion = 10.0.40219.1
Project("{FAE04EC0-301F-11D3-BF4B-00C04F79EFBC}") = "StravaDotNet", "StravaDotNet\StravaDotNet.csproj", "{BDF7A0D7-FA84-4214-ABC7-BB5026D3254E}"
EndProject
Project("{FAE04EC0-301F-11D3-BF4B-00C04F79EFBC}") = "Strava", "Strava\Strava.csproj", "{9D4FEB99-EABE-45A6-9711-301158955CDB}"
EndProject
Project("{FAE04EC0-301F-11D3-BF4B-00C04F79EFBC}") = "StravaDotNetTests", "StravaDotNetTests\StravaDotNetTests.csproj", "{91EDB190-E25B-445A-84E2-64E75E8C64E0}"
EndProject
Global
	GlobalSection(SolutionConfigurationPlatforms) = preSolution
		Debug|Any CPU = Debug|Any CPU
		Release|Any CPU = Release|Any CPU
	EndGlobalSection
	GlobalSection(ProjectConfigurationPlatforms) = postSolution
		{BDF7A0D7-FA84-4214-ABC7-BB5026D3254E}.Debug|Any CPU.ActiveCfg = Debug|Any CPU
		{BDF7A0D7-FA84-4214-ABC7-BB5026D3254E}.Debug|Any CPU.Build.0 = Debug|Any CPU
		{BDF7A0D7-FA84-4214-ABC7-BB5026D3254E}.Release|Any CPU.ActiveCfg = Release|Any CPU
		{BDF7A0D7-FA84-4214-ABC7-BB5026D3254E}.Release|Any CPU.Build.0 = Release|Any CPU
		{9D4FEB99-EABE-45A6-9711-301158955CDB}.Debug|Any CPU.ActiveCfg = Debug|Any CPU
		{9D4FEB99-EABE-45A6-9711-301158955CDB}.Debug|Any CPU.Build.0 = Debug|Any CPU
		{9D4FEB99-EABE-45A6-9711-301158955CDB}.Release|Any CPU.ActiveCfg = Release|Any CPU
		{9D4FEB99-EABE-45A6-9711-301158955CDB}.Release|Any CPU.Build.0 = Release|Any CPU
		{91EDB190-E25B-445A-84E2-64E75E8C64E0}.Debug|Any CPU.ActiveCfg = Debug|Any CPU
		{91EDB190-E25B-445A-84E2-64E75E8C64E0}.Debug|Any CPU.Build.0 = Debug|Any CPU
		{91EDB190-E25B-445A-84E2-64E75E8C64E0}.Release|Any CPU.ActiveCfg = Release|Any CPU
		{91EDB190-E25B-445A-84E2-64E75E8C64E0}.Release|Any CPU.Build.0 = Release|Any CPU
	EndGlobalSection
	GlobalSection(SolutionProperties) = preSolution
		HideSolutionNode = FALSE
	EndGlobalSection
EndGlobal
