
Microsoft Visual Studio Solution File, Format Version 12.00
# Visual Studio Version 17
VisualStudioVersion = 17.12.35527.113
MinimumVisualStudioVersion = 10.0.40219.1
Project("{FAE04EC0-301F-11D3-BF4B-00C04F79EFBC}") = "StravaDotNet", "StravaDotNet\StravaDotNet.csproj", "{BDF7A0D7-FA84-4214-ABC7-BB5026D3254E}"
EndProject
Project("{FAE04EC0-301F-11D3-BF4B-00C04F79EFBC}") = "StravaDotNetTests", "StravaDotNetTests\StravaDotNetTests.csproj", "{91EDB190-E25B-445A-84E2-64E75E8C64E0}"
EndProject
Project("{FAE04EC0-301F-11D3-BF4B-00C04F79EFBC}") = "Data", "Data\Data.csproj", "{D9C69E2B-EE61-4F78-8947-0C64813D7D9C}"
EndProject
Project("{FAE04EC0-301F-11D3-BF4B-00C04F79EFBC}") = "DataManagement", "DataManagement\DataManagement.csproj", "{0A5C5E2B-2D55-481E-A324-5026110DF20B}"
EndProject
Project("{888888A0-9F3D-457C-B088-3A5042F75D52}") = "regression", "..\python-sklearn-regression-cookiecutter\regression.pyproj", "{2BAB41FF-427D-4977-9094-74FEAFE915FC}"
EndProject
Global
	GlobalSection(SolutionConfigurationPlatforms) = preSolution
		Debug|Any CPU = Debug|Any CPU
		Release|Any CPU = Release|Any CPU
	EndGlobalSection
	GlobalSection(ProjectConfigurationPlatforms) = postSolution
		{BDF7A0D7-FA84-4214-ABC7-BB5026D3254E}.Debug|Any CPU.ActiveCfg = Debug|Any CPU
		{BDF7A0D7-FA84-4214-ABC7-BB5026D3254E}.Debug|Any CPU.Build.0 = Debug|Any CPU
		{BDF7A0D7-FA84-4214-ABC7-BB5026D3254E}.Release|Any CPU.ActiveCfg = Release|Any CPU
		{BDF7A0D7-FA84-4214-ABC7-BB5026D3254E}.Release|Any CPU.Build.0 = Release|Any CPU
		{91EDB190-E25B-445A-84E2-64E75E8C64E0}.Debug|Any CPU.ActiveCfg = Debug|Any CPU
		{91EDB190-E25B-445A-84E2-64E75E8C64E0}.Debug|Any CPU.Build.0 = Debug|Any CPU
		{91EDB190-E25B-445A-84E2-64E75E8C64E0}.Release|Any CPU.ActiveCfg = Release|Any CPU
		{91EDB190-E25B-445A-84E2-64E75E8C64E0}.Release|Any CPU.Build.0 = Release|Any CPU
		{D9C69E2B-EE61-4F78-8947-0C64813D7D9C}.Debug|Any CPU.ActiveCfg = Debug|Any CPU
		{D9C69E2B-EE61-4F78-8947-0C64813D7D9C}.Debug|Any CPU.Build.0 = Debug|Any CPU
		{D9C69E2B-EE61-4F78-8947-0C64813D7D9C}.Release|Any CPU.ActiveCfg = Release|Any CPU
		{D9C69E2B-EE61-4F78-8947-0C64813D7D9C}.Release|Any CPU.Build.0 = Release|Any CPU
		{0A5C5E2B-2D55-481E-A324-5026110DF20B}.Debug|Any CPU.ActiveCfg = Debug|Any CPU
		{0A5C5E2B-2D55-481E-A324-5026110DF20B}.Debug|Any CPU.Build.0 = Debug|Any CPU
		{0A5C5E2B-2D55-481E-A324-5026110DF20B}.Release|Any CPU.ActiveCfg = Release|Any CPU
		{0A5C5E2B-2D55-481E-A324-5026110DF20B}.Release|Any CPU.Build.0 = Release|Any CPU
		{2BAB41FF-427D-4977-9094-74FEAFE915FC}.Debug|Any CPU.ActiveCfg = Debug|Any CPU
		{2BAB41FF-427D-4977-9094-74FEAFE915FC}.Release|Any CPU.ActiveCfg = Release|Any CPU
	EndGlobalSection
	GlobalSection(SolutionProperties) = preSolution
		HideSolutionNode = FALSE
	EndGlobalSection
EndGlobal
